
Microsoft Visual Studio Solution File, Format Version 12.00
# Visual Studio 15
VisualStudioVersion = 15.0.28010.2026
MinimumVisualStudioVersion = 10.0.40219.1
Project("{FAE04EC0-301F-11D3-BF4B-00C04F79EFBC}") = "IoTTemperatureAssistant", "IoTTemperatureAssistant\IoTTemperatureAssistant.csproj", "{31AACAA8-3702-45C9-8AB2-DE0439DEFB9A}"
EndProject
Project("{FAE04EC0-301F-11D3-BF4B-00C04F79EFBC}") = "TestProject", "TestProject\TestProject.csproj", "{F3CE2822-65B8-4FAA-B087-2B9AA025E1D8}"
EndProject
Global
	GlobalSection(SolutionConfigurationPlatforms) = preSolution
		Debug|Any CPU = Debug|Any CPU
		Release|Any CPU = Release|Any CPU
	EndGlobalSection
	GlobalSection(ProjectConfigurationPlatforms) = postSolution
		{31AACAA8-3702-45C9-8AB2-DE0439DEFB9A}.Debug|Any CPU.ActiveCfg = Debug|Any CPU
		{31AACAA8-3702-45C9-8AB2-DE0439DEFB9A}.Debug|Any CPU.Build.0 = Debug|Any CPU
		{31AACAA8-3702-45C9-8AB2-DE0439DEFB9A}.Release|Any CPU.ActiveCfg = Release|Any CPU
		{31AACAA8-3702-45C9-8AB2-DE0439DEFB9A}.Release|Any CPU.Build.0 = Release|Any CPU
		{F3CE2822-65B8-4FAA-B087-2B9AA025E1D8}.Debug|Any CPU.ActiveCfg = Debug|Any CPU
		{F3CE2822-65B8-4FAA-B087-2B9AA025E1D8}.Debug|Any CPU.Build.0 = Debug|Any CPU
		{F3CE2822-65B8-4FAA-B087-2B9AA025E1D8}.Release|Any CPU.ActiveCfg = Release|Any CPU
		{F3CE2822-65B8-4FAA-B087-2B9AA025E1D8}.Release|Any CPU.Build.0 = Release|Any CPU
	EndGlobalSection
	GlobalSection(SolutionProperties) = preSolution
		HideSolutionNode = FALSE
	EndGlobalSection
	GlobalSection(ExtensibilityGlobals) = postSolution
		SolutionGuid = {CF18B1CB-41E4-49C7-BE7A-7BD7D714E626}
	EndGlobalSection
EndGlobal
